
Microsoft Visual Studio Solution File, Format Version 12.00
# Visual Studio 2013
VisualStudioVersion = 12.0.31101.0
MinimumVisualStudioVersion = 10.0.40219.1
Project("{888888A0-9F3D-457C-B088-3A5042F75D52}") = "ViewPresenter", "ViewPresenter\ViewPresenter.pyproj", "{7A83CF84-54BF-459A-9243-D6FA52457C54}"
EndProject
Project("{888888A0-9F3D-457C-B088-3A5042F75D52}") = "PantryInventory", "PantryInventory\PantryInventory.pyproj", "{0C1FB1EE-29CF-4E02-A8B1-021F59F41FB0}"
EndProject
Global
	GlobalSection(SolutionConfigurationPlatforms) = preSolution
		Debug|Any CPU = Debug|Any CPU
		Release|Any CPU = Release|Any CPU
	EndGlobalSection
	GlobalSection(ProjectConfigurationPlatforms) = postSolution
		{7A83CF84-54BF-459A-9243-D6FA52457C54}.Debug|Any CPU.ActiveCfg = Debug|Any CPU
		{7A83CF84-54BF-459A-9243-D6FA52457C54}.Release|Any CPU.ActiveCfg = Release|Any CPU
		{0C1FB1EE-29CF-4E02-A8B1-021F59F41FB0}.Debug|Any CPU.ActiveCfg = Debug|Any CPU
		{0C1FB1EE-29CF-4E02-A8B1-021F59F41FB0}.Release|Any CPU.ActiveCfg = Release|Any CPU
	EndGlobalSection
	GlobalSection(SolutionProperties) = preSolution
		HideSolutionNode = FALSE
	EndGlobalSection
EndGlobal
